{
  "name": "capstone-project",
  "lockfileVersion": 3,
  "requires": true,
  "packages": {
    "": {
      "dependencies": {
        "@stripe/stripe-js": "^5.6.0"
      }
    },
    "node_modules/@stripe/stripe-js": {
      "version": "5.6.0",
      "resolved": "https://registry.npmjs.org/@stripe/stripe-js/-/stripe-js-5.6.0.tgz",
      "integrity": "sha512-w8CEY73X/7tw2KKlL3iOk679V9bWseE4GzNz3zlaYxcTjmcmWOathRb0emgo/QQ3eoNzmq68+2Y2gxluAv3xGw==",
      "license": "MIT",
      "engines": {
        "node": ">=12.16"
      }
    }
  }
}
